
Microsoft Visual Studio Solution File, Format Version 12.00
# Visual Studio Version 16
VisualStudioVersion = 16.0.29209.62
MinimumVisualStudioVersion = 10.0.40219.1
Project("{9A19103F-16F7-4668-BE54-9A1E7A4F7556}") = "GloEpidBot", "GloEpidBot.csproj", "{053E45E2-8296-4FD9-A7DC-7B8F5003A6F0}"
EndProject
Global
	GlobalSection(SolutionConfigurationPlatforms) = preSolution
		Debug|Any CPU = Debug|Any CPU
		Release|Any CPU = Release|Any CPU
	EndGlobalSection
	GlobalSection(ProjectConfigurationPlatforms) = postSolution
		{053E45E2-8296-4FD9-A7DC-7B8F5003A6F0}.Debug|Any CPU.ActiveCfg = Debug|Any CPU
		{053E45E2-8296-4FD9-A7DC-7B8F5003A6F0}.Debug|Any CPU.Build.0 = Debug|Any CPU
		{053E45E2-8296-4FD9-A7DC-7B8F5003A6F0}.Release|Any CPU.ActiveCfg = Release|Any CPU
		{053E45E2-8296-4FD9-A7DC-7B8F5003A6F0}.Release|Any CPU.Build.0 = Release|Any CPU
	EndGlobalSection
	GlobalSection(SolutionProperties) = preSolution
		HideSolutionNode = FALSE
	EndGlobalSection
	GlobalSection(ExtensibilityGlobals) = postSolution
		SolutionGuid = {3577EF37-3917-4D08-AD01-CC8D01EFCA94}
	EndGlobalSection
EndGlobal
